
Microsoft Visual Studio Solution File, Format Version 12.00
# Visual Studio Version 16
VisualStudioVersion = 16.0.30309.148
MinimumVisualStudioVersion = 10.0.40219.1
Project("{FAE04EC0-301F-11D3-BF4B-00C04F79EFBC}") = "ConsoleApp71", "ConsoleApp71\ConsoleApp71.csproj", "{85723CEC-3F0F-45C3-9AA4-D9CB95D4F4F5}"
EndProject
Project("{FAE04EC0-301F-11D3-BF4B-00C04F79EFBC}") = "Dota2", "Dota2\Dota2.csproj", "{66B4619C-3FB1-4499-A9B1-41932DB6B90F}"
EndProject
Project("{FAE04EC0-301F-11D3-BF4B-00C04F79EFBC}") = "ConsoleApp1", "ConsoleApp1\ConsoleApp1.csproj", "{D0C28102-1DCF-41AC-A1C1-F4C55B67A4A0}"
EndProject
Project("{FAE04EC0-301F-11D3-BF4B-00C04F79EFBC}") = "WindowsFormsApp1", "WindowsFormsApp1\WindowsFormsApp1.csproj", "{A43CD285-4693-49CE-9A39-4B0E3EFF9555}"
EndProject
Project("{FAE04EC0-301F-11D3-BF4B-00C04F79EFBC}") = "ConsoleApp2", "ConsoleApp2\ConsoleApp2.csproj", "{29ACDB2F-CC4C-4EE4-B139-455532D059AB}"
EndProject
Project("{FAE04EC0-301F-11D3-BF4B-00C04F79EFBC}") = "ConsoleApp3", "ConsoleApp3\ConsoleApp3.csproj", "{E21DB383-3418-4CB1-92EA-8260913458E3}"
EndProject
Project("{FAE04EC0-301F-11D3-BF4B-00C04F79EFBC}") = "Col", "Col\Col.csproj", "{8285CF03-09FF-468E-A310-72C34277C0C1}"
EndProject
Global
	GlobalSection(SolutionConfigurationPlatforms) = preSolution
		Debug|Any CPU = Debug|Any CPU
		Release|Any CPU = Release|Any CPU
	EndGlobalSection
	GlobalSection(ProjectConfigurationPlatforms) = postSolution
		{85723CEC-3F0F-45C3-9AA4-D9CB95D4F4F5}.Debug|Any CPU.ActiveCfg = Debug|Any CPU
		{85723CEC-3F0F-45C3-9AA4-D9CB95D4F4F5}.Debug|Any CPU.Build.0 = Debug|Any CPU
		{85723CEC-3F0F-45C3-9AA4-D9CB95D4F4F5}.Release|Any CPU.ActiveCfg = Release|Any CPU
		{85723CEC-3F0F-45C3-9AA4-D9CB95D4F4F5}.Release|Any CPU.Build.0 = Release|Any CPU
		{66B4619C-3FB1-4499-A9B1-41932DB6B90F}.Debug|Any CPU.ActiveCfg = Debug|Any CPU
		{66B4619C-3FB1-4499-A9B1-41932DB6B90F}.Debug|Any CPU.Build.0 = Debug|Any CPU
		{66B4619C-3FB1-4499-A9B1-41932DB6B90F}.Release|Any CPU.ActiveCfg = Release|Any CPU
		{66B4619C-3FB1-4499-A9B1-41932DB6B90F}.Release|Any CPU.Build.0 = Release|Any CPU
		{D0C28102-1DCF-41AC-A1C1-F4C55B67A4A0}.Debug|Any CPU.ActiveCfg = Debug|Any CPU
		{D0C28102-1DCF-41AC-A1C1-F4C55B67A4A0}.Debug|Any CPU.Build.0 = Debug|Any CPU
		{D0C28102-1DCF-41AC-A1C1-F4C55B67A4A0}.Release|Any CPU.ActiveCfg = Release|Any CPU
		{D0C28102-1DCF-41AC-A1C1-F4C55B67A4A0}.Release|Any CPU.Build.0 = Release|Any CPU
		{A43CD285-4693-49CE-9A39-4B0E3EFF9555}.Debug|Any CPU.ActiveCfg = Debug|Any CPU
		{A43CD285-4693-49CE-9A39-4B0E3EFF9555}.Debug|Any CPU.Build.0 = Debug|Any CPU
		{A43CD285-4693-49CE-9A39-4B0E3EFF9555}.Release|Any CPU.ActiveCfg = Release|Any CPU
		{A43CD285-4693-49CE-9A39-4B0E3EFF9555}.Release|Any CPU.Build.0 = Release|Any CPU
		{29ACDB2F-CC4C-4EE4-B139-455532D059AB}.Debug|Any CPU.ActiveCfg = Debug|Any CPU
		{29ACDB2F-CC4C-4EE4-B139-455532D059AB}.Debug|Any CPU.Build.0 = Debug|Any CPU
		{29ACDB2F-CC4C-4EE4-B139-455532D059AB}.Release|Any CPU.ActiveCfg = Release|Any CPU
		{29ACDB2F-CC4C-4EE4-B139-455532D059AB}.Release|Any CPU.Build.0 = Release|Any CPU
		{E21DB383-3418-4CB1-92EA-8260913458E3}.Debug|Any CPU.ActiveCfg = Debug|Any CPU
		{E21DB383-3418-4CB1-92EA-8260913458E3}.Debug|Any CPU.Build.0 = Debug|Any CPU
		{E21DB383-3418-4CB1-92EA-8260913458E3}.Release|Any CPU.ActiveCfg = Release|Any CPU
		{E21DB383-3418-4CB1-92EA-8260913458E3}.Release|Any CPU.Build.0 = Release|Any CPU
		{8285CF03-09FF-468E-A310-72C34277C0C1}.Debug|Any CPU.ActiveCfg = Debug|Any CPU
		{8285CF03-09FF-468E-A310-72C34277C0C1}.Debug|Any CPU.Build.0 = Debug|Any CPU
		{8285CF03-09FF-468E-A310-72C34277C0C1}.Release|Any CPU.ActiveCfg = Release|Any CPU
		{8285CF03-09FF-468E-A310-72C34277C0C1}.Release|Any CPU.Build.0 = Release|Any CPU
	EndGlobalSection
	GlobalSection(SolutionProperties) = preSolution
		HideSolutionNode = FALSE
	EndGlobalSection
	GlobalSection(ExtensibilityGlobals) = postSolution
		SolutionGuid = {E0436ACE-A5C1-4E0D-8317-B0B5D743EF28}
	EndGlobalSection
EndGlobal
