
Microsoft Visual Studio Solution File, Format Version 12.00
# Visual Studio Version 16
VisualStudioVersion = 16.0.30320.27
MinimumVisualStudioVersion = 10.0.40219.1
Project("{2150E333-8FDC-42A3-9474-1A3956D46DE8}") = "Lesson01", "Lesson01", "{6D8A5F0F-EB51-4116-976F-C6F1B95735FC}"
EndProject
Project("{FAE04EC0-301F-11D3-BF4B-00C04F79EFBC}") = "lesson01ex1_profile", "Lesson01\lesson01ex1\lesson01ex1_profile.csproj", "{9091D560-336B-44D0-BD5D-C71C83617935}"
EndProject
Project("{FAE04EC0-301F-11D3-BF4B-00C04F79EFBC}") = "lesson01ex2_bmi", "Lesson01\lesson01ex2_bmi\lesson01ex2_bmi.csproj", "{B7477005-499C-4004-A6E0-946CEC9CE7E5}"
EndProject
Project("{FAE04EC0-301F-11D3-BF4B-00C04F79EFBC}") = "lesson01ex3_dist", "Lesson01\lesson01ex03\lesson01ex3_dist.csproj", "{17BBC46B-B92F-44AA-972B-80BC33D89B0F}"
EndProject
Project("{FAE04EC0-301F-11D3-BF4B-00C04F79EFBC}") = "lesson01ex4_swap", "Lesson01\lesson01ex4_swap\lesson01ex4_swap.csproj", "{637802F4-DD34-4964-B781-FC14001CC4AF}"
EndProject
Project("{FAE04EC0-301F-11D3-BF4B-00C04F79EFBC}") = "lesson01ex5", "Lesson01\lesson01ex5\lesson01ex5.csproj", "{8CFAA03F-550E-45C5-B6C8-C0F3549F1E9D}"
EndProject
Project("{2150E333-8FDC-42A3-9474-1A3956D46DE8}") = "Lesson02", "Lesson02", "{0F5719AA-A3C2-4CD7-AE5D-30EB79476487}"
EndProject
Project("{FAE04EC0-301F-11D3-BF4B-00C04F79EFBC}") = "Min3", "Lesson02\Task1_Min3\Task1_Min3\Min3.csproj", "{55654FCA-9CDA-411E-8F57-8668FF30626F}"
EndProject
Project("{FAE04EC0-301F-11D3-BF4B-00C04F79EFBC}") = "Task2_Count", "Lesson02\Task2_Count\Task2_Count\Task2_Count.csproj", "{98B913B7-B319-41A5-9D84-269C8E027CFD}"
EndProject
Project("{FAE04EC0-301F-11D3-BF4B-00C04F79EFBC}") = "Task3_SumOdd", "Lesson02\Task3_SumOdd\Task3_SumOdd\Task3_SumOdd.csproj", "{AEFB52D3-3B3A-4D7A-901F-FA53247C7A5F}"
EndProject
Project("{FAE04EC0-301F-11D3-BF4B-00C04F79EFBC}") = "Task4_LoginPassword", "Lesson02\Task4_LoginPassword\Task4_LoginPassword\Task4_LoginPassword.csproj", "{961812F6-A46D-4FFA-AD7D-A9708D02F532}"
EndProject
Project("{FAE04EC0-301F-11D3-BF4B-00C04F79EFBC}") = "Task5_BMI", "Lesson02\Task5_BMI\Task5_BMI\Task5_BMI.csproj", "{B1BF0CE1-A90C-4906-8474-5114BF9DFE59}"
EndProject
Project("{FAE04EC0-301F-11D3-BF4B-00C04F79EFBC}") = "Task6_GoodValues", "Lesson02\Task6_GoodValues\Task6_GoodValues\Task6_GoodValues.csproj", "{F873A540-66E1-44DF-81C7-DB24CFD28038}"
EndProject
Project("{FAE04EC0-301F-11D3-BF4B-00C04F79EFBC}") = "Task7_Recursive", "Lesson02\Task7_Recursive\Task7_Recursive\Task7_Recursive.csproj", "{3005BA8D-79EF-454D-A11A-C3CE88A04202}"
EndProject
Project("{2150E333-8FDC-42A3-9474-1A3956D46DE8}") = "Lesson03", "Lesson03", "{AF36DD72-7A64-4F60-99DB-E1658D1D6742}"
EndProject
Project("{FAE04EC0-301F-11D3-BF4B-00C04F79EFBC}") = "Task1a", "Lesson03\Task1a\Task1a.csproj", "{543EC684-68D3-4911-AA4A-B05DA0A5868F}"
EndProject
Project("{FAE04EC0-301F-11D3-BF4B-00C04F79EFBC}") = "Task1b", "Lesson03\Task1b\Task1b.csproj", "{D6CBE2C6-4C08-46CA-B75B-5966AE35CF9D}"
EndProject
Project("{FAE04EC0-301F-11D3-BF4B-00C04F79EFBC}") = "Task1c", "Lesson03\Task1c\Task1c.csproj", "{4039A2BB-3B2C-4F59-8F57-F224882536F8}"
EndProject
Project("{FAE04EC0-301F-11D3-BF4B-00C04F79EFBC}") = "Task2", "Lesson03\Task2\Task2.csproj", "{DE7BB02A-A423-4A17-A85A-90FF61FB57B7}"
EndProject
Project("{FAE04EC0-301F-11D3-BF4B-00C04F79EFBC}") = "Task3a", "Lesson03\Task3a\Task3a.csproj", "{A6589226-514A-4F2B-A109-912D465A78EB}"
EndProject
Project("{2150E333-8FDC-42A3-9474-1A3956D46DE8}") = "Lesson04", "Lesson04", "{3AF48506-7EEC-43EF-A9BB-FB01E8810226}"
EndProject
Project("{FAE04EC0-301F-11D3-BF4B-00C04F79EFBC}") = "Task1", "Lesson04\Task1\Task1.csproj", "{7F2C8B7F-A19E-4ACE-B9F8-38A8479FBD2B}"
EndProject
Project("{FAE04EC0-301F-11D3-BF4B-00C04F79EFBC}") = "Task2", "Lesson04\Task2\Task2.csproj", "{847D2EB0-3738-485F-8CB9-D370BFE74C99}"
EndProject
Project("{FAE04EC0-301F-11D3-BF4B-00C04F79EFBC}") = "Task3", "Lesson04\Task3\Task3.csproj", "{9BB781CD-825C-49D1-A668-D80F5405F206}"
EndProject
Project("{FAE04EC0-301F-11D3-BF4B-00C04F79EFBC}") = "Task4", "Lesson04\Task4\Task4.csproj", "{E03564C0-A683-43C7-80FF-9AE8D355DB5A}"
EndProject
Project("{FAE04EC0-301F-11D3-BF4B-00C04F79EFBC}") = "Task5", "Lesson04\Task5\Task5.csproj", "{FE56A8D5-78BF-481A-9F5D-67A0510CF2D1}"
EndProject
Project("{2150E333-8FDC-42A3-9474-1A3956D46DE8}") = "Lesson05", "Lesson05", "{4163D2AD-4C86-4ED8-8997-FEAC4E6325F0}"
EndProject
Project("{2150E333-8FDC-42A3-9474-1A3956D46DE8}") = "Lesson06", "Lesson06", "{6E007726-F208-4648-9ED0-872BF655958F}"
EndProject
Project("{FAE04EC0-301F-11D3-BF4B-00C04F79EFBC}") = "Task1", "Lesson05\Task1\Task1.csproj", "{2CDAAA36-8EFE-4B20-BAA0-3E17E5D9C139}"
EndProject
Project("{FAE04EC0-301F-11D3-BF4B-00C04F79EFBC}") = "Task2", "Lesson05\Task2\Task2.csproj", "{67FB9EA2-AD9D-4F41-BD79-9CE84639AD71}"
EndProject
Project("{FAE04EC0-301F-11D3-BF4B-00C04F79EFBC}") = "Task3", "Lesson05\Task3\Task3.csproj", "{3616BFFB-2908-4F21-AF78-7F16EC11A0A4}"
EndProject
Project("{FAE04EC0-301F-11D3-BF4B-00C04F79EFBC}") = "Task4", "Lesson05\Task4\Task4.csproj", "{ABF4FAF7-5C3E-4220-859A-C25C215980B1}"
EndProject
Project("{FAE04EC0-301F-11D3-BF4B-00C04F79EFBC}") = "Task01", "Lesson06\Task01\Task01.csproj", "{6C187910-AA61-43E1-889D-18FE6BBB774D}"
EndProject
Project("{FAE04EC0-301F-11D3-BF4B-00C04F79EFBC}") = "Task02", "Lesson06\Task02\Task02.csproj", "{3589EB8C-804D-4A45-A05D-BA9EC1DA6F27}"
EndProject
Project("{FAE04EC0-301F-11D3-BF4B-00C04F79EFBC}") = "Task03", "Lesson06\Task03\Task03.csproj", "{917615A5-CD36-4929-A0AD-DB8C01224737}"
EndProject
Project("{2150E333-8FDC-42A3-9474-1A3956D46DE8}") = "Lesson07", "Lesson07", "{F0268E9F-40F4-49DF-8D25-3DE744C7AD41}"
EndProject
Project("{FAE04EC0-301F-11D3-BF4B-00C04F79EFBC}") = "Task01", "Lesson07\Task01\Task01.csproj", "{120EB8EE-370A-4703-9516-F844B1F8E8C4}"
EndProject
Project("{FAE04EC0-301F-11D3-BF4B-00C04F79EFBC}") = "Task02", "Lesson07\Task02\Task02.csproj", "{A767C512-661F-4571-A747-C2D98284FB8B}"
EndProject
Global
	GlobalSection(SolutionConfigurationPlatforms) = preSolution
		Debug|Any CPU = Debug|Any CPU
		Release|Any CPU = Release|Any CPU
	EndGlobalSection
	GlobalSection(ProjectConfigurationPlatforms) = postSolution
		{9091D560-336B-44D0-BD5D-C71C83617935}.Debug|Any CPU.ActiveCfg = Debug|Any CPU
		{9091D560-336B-44D0-BD5D-C71C83617935}.Debug|Any CPU.Build.0 = Debug|Any CPU
		{9091D560-336B-44D0-BD5D-C71C83617935}.Release|Any CPU.ActiveCfg = Release|Any CPU
		{9091D560-336B-44D0-BD5D-C71C83617935}.Release|Any CPU.Build.0 = Release|Any CPU
		{B7477005-499C-4004-A6E0-946CEC9CE7E5}.Debug|Any CPU.ActiveCfg = Debug|Any CPU
		{B7477005-499C-4004-A6E0-946CEC9CE7E5}.Debug|Any CPU.Build.0 = Debug|Any CPU
		{B7477005-499C-4004-A6E0-946CEC9CE7E5}.Release|Any CPU.ActiveCfg = Release|Any CPU
		{B7477005-499C-4004-A6E0-946CEC9CE7E5}.Release|Any CPU.Build.0 = Release|Any CPU
		{17BBC46B-B92F-44AA-972B-80BC33D89B0F}.Debug|Any CPU.ActiveCfg = Debug|Any CPU
		{17BBC46B-B92F-44AA-972B-80BC33D89B0F}.Debug|Any CPU.Build.0 = Debug|Any CPU
		{17BBC46B-B92F-44AA-972B-80BC33D89B0F}.Release|Any CPU.ActiveCfg = Release|Any CPU
		{17BBC46B-B92F-44AA-972B-80BC33D89B0F}.Release|Any CPU.Build.0 = Release|Any CPU
		{637802F4-DD34-4964-B781-FC14001CC4AF}.Debug|Any CPU.ActiveCfg = Debug|Any CPU
		{637802F4-DD34-4964-B781-FC14001CC4AF}.Debug|Any CPU.Build.0 = Debug|Any CPU
		{637802F4-DD34-4964-B781-FC14001CC4AF}.Release|Any CPU.ActiveCfg = Release|Any CPU
		{637802F4-DD34-4964-B781-FC14001CC4AF}.Release|Any CPU.Build.0 = Release|Any CPU
		{8CFAA03F-550E-45C5-B6C8-C0F3549F1E9D}.Debug|Any CPU.ActiveCfg = Debug|Any CPU
		{8CFAA03F-550E-45C5-B6C8-C0F3549F1E9D}.Debug|Any CPU.Build.0 = Debug|Any CPU
		{8CFAA03F-550E-45C5-B6C8-C0F3549F1E9D}.Release|Any CPU.ActiveCfg = Release|Any CPU
		{8CFAA03F-550E-45C5-B6C8-C0F3549F1E9D}.Release|Any CPU.Build.0 = Release|Any CPU
		{55654FCA-9CDA-411E-8F57-8668FF30626F}.Debug|Any CPU.ActiveCfg = Debug|Any CPU
		{55654FCA-9CDA-411E-8F57-8668FF30626F}.Debug|Any CPU.Build.0 = Debug|Any CPU
		{55654FCA-9CDA-411E-8F57-8668FF30626F}.Release|Any CPU.ActiveCfg = Release|Any CPU
		{55654FCA-9CDA-411E-8F57-8668FF30626F}.Release|Any CPU.Build.0 = Release|Any CPU
		{98B913B7-B319-41A5-9D84-269C8E027CFD}.Debug|Any CPU.ActiveCfg = Debug|Any CPU
		{98B913B7-B319-41A5-9D84-269C8E027CFD}.Debug|Any CPU.Build.0 = Debug|Any CPU
		{98B913B7-B319-41A5-9D84-269C8E027CFD}.Release|Any CPU.ActiveCfg = Release|Any CPU
		{98B913B7-B319-41A5-9D84-269C8E027CFD}.Release|Any CPU.Build.0 = Release|Any CPU
		{AEFB52D3-3B3A-4D7A-901F-FA53247C7A5F}.Debug|Any CPU.ActiveCfg = Debug|Any CPU
		{AEFB52D3-3B3A-4D7A-901F-FA53247C7A5F}.Debug|Any CPU.Build.0 = Debug|Any CPU
		{AEFB52D3-3B3A-4D7A-901F-FA53247C7A5F}.Release|Any CPU.ActiveCfg = Release|Any CPU
		{AEFB52D3-3B3A-4D7A-901F-FA53247C7A5F}.Release|Any CPU.Build.0 = Release|Any CPU
		{961812F6-A46D-4FFA-AD7D-A9708D02F532}.Debug|Any CPU.ActiveCfg = Debug|Any CPU
		{961812F6-A46D-4FFA-AD7D-A9708D02F532}.Debug|Any CPU.Build.0 = Debug|Any CPU
		{961812F6-A46D-4FFA-AD7D-A9708D02F532}.Release|Any CPU.ActiveCfg = Release|Any CPU
		{961812F6-A46D-4FFA-AD7D-A9708D02F532}.Release|Any CPU.Build.0 = Release|Any CPU
		{B1BF0CE1-A90C-4906-8474-5114BF9DFE59}.Debug|Any CPU.ActiveCfg = Debug|Any CPU
		{B1BF0CE1-A90C-4906-8474-5114BF9DFE59}.Debug|Any CPU.Build.0 = Debug|Any CPU
		{B1BF0CE1-A90C-4906-8474-5114BF9DFE59}.Release|Any CPU.ActiveCfg = Release|Any CPU
		{B1BF0CE1-A90C-4906-8474-5114BF9DFE59}.Release|Any CPU.Build.0 = Release|Any CPU
		{F873A540-66E1-44DF-81C7-DB24CFD28038}.Debug|Any CPU.ActiveCfg = Debug|Any CPU
		{F873A540-66E1-44DF-81C7-DB24CFD28038}.Debug|Any CPU.Build.0 = Debug|Any CPU
		{F873A540-66E1-44DF-81C7-DB24CFD28038}.Release|Any CPU.ActiveCfg = Release|Any CPU
		{F873A540-66E1-44DF-81C7-DB24CFD28038}.Release|Any CPU.Build.0 = Release|Any CPU
		{3005BA8D-79EF-454D-A11A-C3CE88A04202}.Debug|Any CPU.ActiveCfg = Debug|Any CPU
		{3005BA8D-79EF-454D-A11A-C3CE88A04202}.Debug|Any CPU.Build.0 = Debug|Any CPU
		{3005BA8D-79EF-454D-A11A-C3CE88A04202}.Release|Any CPU.ActiveCfg = Release|Any CPU
		{3005BA8D-79EF-454D-A11A-C3CE88A04202}.Release|Any CPU.Build.0 = Release|Any CPU
		{543EC684-68D3-4911-AA4A-B05DA0A5868F}.Debug|Any CPU.ActiveCfg = Debug|Any CPU
		{543EC684-68D3-4911-AA4A-B05DA0A5868F}.Debug|Any CPU.Build.0 = Debug|Any CPU
		{543EC684-68D3-4911-AA4A-B05DA0A5868F}.Release|Any CPU.ActiveCfg = Release|Any CPU
		{543EC684-68D3-4911-AA4A-B05DA0A5868F}.Release|Any CPU.Build.0 = Release|Any CPU
		{D6CBE2C6-4C08-46CA-B75B-5966AE35CF9D}.Debug|Any CPU.ActiveCfg = Debug|Any CPU
		{D6CBE2C6-4C08-46CA-B75B-5966AE35CF9D}.Debug|Any CPU.Build.0 = Debug|Any CPU
		{D6CBE2C6-4C08-46CA-B75B-5966AE35CF9D}.Release|Any CPU.ActiveCfg = Release|Any CPU
		{D6CBE2C6-4C08-46CA-B75B-5966AE35CF9D}.Release|Any CPU.Build.0 = Release|Any CPU
		{4039A2BB-3B2C-4F59-8F57-F224882536F8}.Debug|Any CPU.ActiveCfg = Debug|Any CPU
		{4039A2BB-3B2C-4F59-8F57-F224882536F8}.Debug|Any CPU.Build.0 = Debug|Any CPU
		{4039A2BB-3B2C-4F59-8F57-F224882536F8}.Release|Any CPU.ActiveCfg = Release|Any CPU
		{4039A2BB-3B2C-4F59-8F57-F224882536F8}.Release|Any CPU.Build.0 = Release|Any CPU
		{DE7BB02A-A423-4A17-A85A-90FF61FB57B7}.Debug|Any CPU.ActiveCfg = Debug|Any CPU
		{DE7BB02A-A423-4A17-A85A-90FF61FB57B7}.Debug|Any CPU.Build.0 = Debug|Any CPU
		{DE7BB02A-A423-4A17-A85A-90FF61FB57B7}.Release|Any CPU.ActiveCfg = Release|Any CPU
		{DE7BB02A-A423-4A17-A85A-90FF61FB57B7}.Release|Any CPU.Build.0 = Release|Any CPU
		{A6589226-514A-4F2B-A109-912D465A78EB}.Debug|Any CPU.ActiveCfg = Debug|Any CPU
		{A6589226-514A-4F2B-A109-912D465A78EB}.Debug|Any CPU.Build.0 = Debug|Any CPU
		{A6589226-514A-4F2B-A109-912D465A78EB}.Release|Any CPU.ActiveCfg = Release|Any CPU
		{A6589226-514A-4F2B-A109-912D465A78EB}.Release|Any CPU.Build.0 = Release|Any CPU
		{7F2C8B7F-A19E-4ACE-B9F8-38A8479FBD2B}.Debug|Any CPU.ActiveCfg = Debug|Any CPU
		{7F2C8B7F-A19E-4ACE-B9F8-38A8479FBD2B}.Debug|Any CPU.Build.0 = Debug|Any CPU
		{7F2C8B7F-A19E-4ACE-B9F8-38A8479FBD2B}.Release|Any CPU.ActiveCfg = Release|Any CPU
		{7F2C8B7F-A19E-4ACE-B9F8-38A8479FBD2B}.Release|Any CPU.Build.0 = Release|Any CPU
		{847D2EB0-3738-485F-8CB9-D370BFE74C99}.Debug|Any CPU.ActiveCfg = Debug|Any CPU
		{847D2EB0-3738-485F-8CB9-D370BFE74C99}.Debug|Any CPU.Build.0 = Debug|Any CPU
		{847D2EB0-3738-485F-8CB9-D370BFE74C99}.Release|Any CPU.ActiveCfg = Release|Any CPU
		{847D2EB0-3738-485F-8CB9-D370BFE74C99}.Release|Any CPU.Build.0 = Release|Any CPU
		{9BB781CD-825C-49D1-A668-D80F5405F206}.Debug|Any CPU.ActiveCfg = Debug|Any CPU
		{9BB781CD-825C-49D1-A668-D80F5405F206}.Debug|Any CPU.Build.0 = Debug|Any CPU
		{9BB781CD-825C-49D1-A668-D80F5405F206}.Release|Any CPU.ActiveCfg = Release|Any CPU
		{9BB781CD-825C-49D1-A668-D80F5405F206}.Release|Any CPU.Build.0 = Release|Any CPU
		{E03564C0-A683-43C7-80FF-9AE8D355DB5A}.Debug|Any CPU.ActiveCfg = Debug|Any CPU
		{E03564C0-A683-43C7-80FF-9AE8D355DB5A}.Debug|Any CPU.Build.0 = Debug|Any CPU
		{E03564C0-A683-43C7-80FF-9AE8D355DB5A}.Release|Any CPU.ActiveCfg = Release|Any CPU
		{E03564C0-A683-43C7-80FF-9AE8D355DB5A}.Release|Any CPU.Build.0 = Release|Any CPU
		{FE56A8D5-78BF-481A-9F5D-67A0510CF2D1}.Debug|Any CPU.ActiveCfg = Debug|Any CPU
		{FE56A8D5-78BF-481A-9F5D-67A0510CF2D1}.Debug|Any CPU.Build.0 = Debug|Any CPU
		{FE56A8D5-78BF-481A-9F5D-67A0510CF2D1}.Release|Any CPU.ActiveCfg = Release|Any CPU
		{FE56A8D5-78BF-481A-9F5D-67A0510CF2D1}.Release|Any CPU.Build.0 = Release|Any CPU
		{2CDAAA36-8EFE-4B20-BAA0-3E17E5D9C139}.Debug|Any CPU.ActiveCfg = Debug|Any CPU
		{2CDAAA36-8EFE-4B20-BAA0-3E17E5D9C139}.Debug|Any CPU.Build.0 = Debug|Any CPU
		{2CDAAA36-8EFE-4B20-BAA0-3E17E5D9C139}.Release|Any CPU.ActiveCfg = Release|Any CPU
		{2CDAAA36-8EFE-4B20-BAA0-3E17E5D9C139}.Release|Any CPU.Build.0 = Release|Any CPU
		{67FB9EA2-AD9D-4F41-BD79-9CE84639AD71}.Debug|Any CPU.ActiveCfg = Debug|Any CPU
		{67FB9EA2-AD9D-4F41-BD79-9CE84639AD71}.Debug|Any CPU.Build.0 = Debug|Any CPU
		{67FB9EA2-AD9D-4F41-BD79-9CE84639AD71}.Release|Any CPU.ActiveCfg = Release|Any CPU
		{67FB9EA2-AD9D-4F41-BD79-9CE84639AD71}.Release|Any CPU.Build.0 = Release|Any CPU
		{3616BFFB-2908-4F21-AF78-7F16EC11A0A4}.Debug|Any CPU.ActiveCfg = Debug|Any CPU
		{3616BFFB-2908-4F21-AF78-7F16EC11A0A4}.Debug|Any CPU.Build.0 = Debug|Any CPU
		{3616BFFB-2908-4F21-AF78-7F16EC11A0A4}.Release|Any CPU.ActiveCfg = Release|Any CPU
		{3616BFFB-2908-4F21-AF78-7F16EC11A0A4}.Release|Any CPU.Build.0 = Release|Any CPU
		{ABF4FAF7-5C3E-4220-859A-C25C215980B1}.Debug|Any CPU.ActiveCfg = Debug|Any CPU
		{ABF4FAF7-5C3E-4220-859A-C25C215980B1}.Debug|Any CPU.Build.0 = Debug|Any CPU
		{ABF4FAF7-5C3E-4220-859A-C25C215980B1}.Release|Any CPU.ActiveCfg = Release|Any CPU
		{ABF4FAF7-5C3E-4220-859A-C25C215980B1}.Release|Any CPU.Build.0 = Release|Any CPU
		{6C187910-AA61-43E1-889D-18FE6BBB774D}.Debug|Any CPU.ActiveCfg = Debug|Any CPU
		{6C187910-AA61-43E1-889D-18FE6BBB774D}.Debug|Any CPU.Build.0 = Debug|Any CPU
		{6C187910-AA61-43E1-889D-18FE6BBB774D}.Release|Any CPU.ActiveCfg = Release|Any CPU
		{6C187910-AA61-43E1-889D-18FE6BBB774D}.Release|Any CPU.Build.0 = Release|Any CPU
		{3589EB8C-804D-4A45-A05D-BA9EC1DA6F27}.Debug|Any CPU.ActiveCfg = Debug|Any CPU
		{3589EB8C-804D-4A45-A05D-BA9EC1DA6F27}.Debug|Any CPU.Build.0 = Debug|Any CPU
		{3589EB8C-804D-4A45-A05D-BA9EC1DA6F27}.Release|Any CPU.ActiveCfg = Release|Any CPU
		{3589EB8C-804D-4A45-A05D-BA9EC1DA6F27}.Release|Any CPU.Build.0 = Release|Any CPU
		{917615A5-CD36-4929-A0AD-DB8C01224737}.Debug|Any CPU.ActiveCfg = Debug|Any CPU
		{917615A5-CD36-4929-A0AD-DB8C01224737}.Debug|Any CPU.Build.0 = Debug|Any CPU
		{917615A5-CD36-4929-A0AD-DB8C01224737}.Release|Any CPU.ActiveCfg = Release|Any CPU
		{917615A5-CD36-4929-A0AD-DB8C01224737}.Release|Any CPU.Build.0 = Release|Any CPU
		{120EB8EE-370A-4703-9516-F844B1F8E8C4}.Debug|Any CPU.ActiveCfg = Debug|Any CPU
		{120EB8EE-370A-4703-9516-F844B1F8E8C4}.Debug|Any CPU.Build.0 = Debug|Any CPU
		{120EB8EE-370A-4703-9516-F844B1F8E8C4}.Release|Any CPU.ActiveCfg = Release|Any CPU
		{120EB8EE-370A-4703-9516-F844B1F8E8C4}.Release|Any CPU.Build.0 = Release|Any CPU
		{A767C512-661F-4571-A747-C2D98284FB8B}.Debug|Any CPU.ActiveCfg = Debug|Any CPU
		{A767C512-661F-4571-A747-C2D98284FB8B}.Debug|Any CPU.Build.0 = Debug|Any CPU
		{A767C512-661F-4571-A747-C2D98284FB8B}.Release|Any CPU.ActiveCfg = Release|Any CPU
		{A767C512-661F-4571-A747-C2D98284FB8B}.Release|Any CPU.Build.0 = Release|Any CPU
	EndGlobalSection
	GlobalSection(SolutionProperties) = preSolution
		HideSolutionNode = FALSE
	EndGlobalSection
	GlobalSection(NestedProjects) = preSolution
		{9091D560-336B-44D0-BD5D-C71C83617935} = {6D8A5F0F-EB51-4116-976F-C6F1B95735FC}
		{B7477005-499C-4004-A6E0-946CEC9CE7E5} = {6D8A5F0F-EB51-4116-976F-C6F1B95735FC}
		{17BBC46B-B92F-44AA-972B-80BC33D89B0F} = {6D8A5F0F-EB51-4116-976F-C6F1B95735FC}
		{637802F4-DD34-4964-B781-FC14001CC4AF} = {6D8A5F0F-EB51-4116-976F-C6F1B95735FC}
		{8CFAA03F-550E-45C5-B6C8-C0F3549F1E9D} = {6D8A5F0F-EB51-4116-976F-C6F1B95735FC}
		{55654FCA-9CDA-411E-8F57-8668FF30626F} = {0F5719AA-A3C2-4CD7-AE5D-30EB79476487}
		{98B913B7-B319-41A5-9D84-269C8E027CFD} = {0F5719AA-A3C2-4CD7-AE5D-30EB79476487}
		{AEFB52D3-3B3A-4D7A-901F-FA53247C7A5F} = {0F5719AA-A3C2-4CD7-AE5D-30EB79476487}
		{961812F6-A46D-4FFA-AD7D-A9708D02F532} = {0F5719AA-A3C2-4CD7-AE5D-30EB79476487}
		{B1BF0CE1-A90C-4906-8474-5114BF9DFE59} = {0F5719AA-A3C2-4CD7-AE5D-30EB79476487}
		{F873A540-66E1-44DF-81C7-DB24CFD28038} = {0F5719AA-A3C2-4CD7-AE5D-30EB79476487}
		{3005BA8D-79EF-454D-A11A-C3CE88A04202} = {0F5719AA-A3C2-4CD7-AE5D-30EB79476487}
		{543EC684-68D3-4911-AA4A-B05DA0A5868F} = {AF36DD72-7A64-4F60-99DB-E1658D1D6742}
		{D6CBE2C6-4C08-46CA-B75B-5966AE35CF9D} = {AF36DD72-7A64-4F60-99DB-E1658D1D6742}
		{4039A2BB-3B2C-4F59-8F57-F224882536F8} = {AF36DD72-7A64-4F60-99DB-E1658D1D6742}
		{DE7BB02A-A423-4A17-A85A-90FF61FB57B7} = {AF36DD72-7A64-4F60-99DB-E1658D1D6742}
		{A6589226-514A-4F2B-A109-912D465A78EB} = {AF36DD72-7A64-4F60-99DB-E1658D1D6742}
		{7F2C8B7F-A19E-4ACE-B9F8-38A8479FBD2B} = {3AF48506-7EEC-43EF-A9BB-FB01E8810226}
		{847D2EB0-3738-485F-8CB9-D370BFE74C99} = {3AF48506-7EEC-43EF-A9BB-FB01E8810226}
		{9BB781CD-825C-49D1-A668-D80F5405F206} = {3AF48506-7EEC-43EF-A9BB-FB01E8810226}
		{E03564C0-A683-43C7-80FF-9AE8D355DB5A} = {3AF48506-7EEC-43EF-A9BB-FB01E8810226}
		{FE56A8D5-78BF-481A-9F5D-67A0510CF2D1} = {3AF48506-7EEC-43EF-A9BB-FB01E8810226}
		{2CDAAA36-8EFE-4B20-BAA0-3E17E5D9C139} = {4163D2AD-4C86-4ED8-8997-FEAC4E6325F0}
		{67FB9EA2-AD9D-4F41-BD79-9CE84639AD71} = {4163D2AD-4C86-4ED8-8997-FEAC4E6325F0}
		{3616BFFB-2908-4F21-AF78-7F16EC11A0A4} = {4163D2AD-4C86-4ED8-8997-FEAC4E6325F0}
		{ABF4FAF7-5C3E-4220-859A-C25C215980B1} = {4163D2AD-4C86-4ED8-8997-FEAC4E6325F0}
		{6C187910-AA61-43E1-889D-18FE6BBB774D} = {6E007726-F208-4648-9ED0-872BF655958F}
		{3589EB8C-804D-4A45-A05D-BA9EC1DA6F27} = {6E007726-F208-4648-9ED0-872BF655958F}
		{917615A5-CD36-4929-A0AD-DB8C01224737} = {6E007726-F208-4648-9ED0-872BF655958F}
		{120EB8EE-370A-4703-9516-F844B1F8E8C4} = {F0268E9F-40F4-49DF-8D25-3DE744C7AD41}
		{A767C512-661F-4571-A747-C2D98284FB8B} = {F0268E9F-40F4-49DF-8D25-3DE744C7AD41}
	EndGlobalSection
	GlobalSection(ExtensibilityGlobals) = postSolution
		SolutionGuid = {8B5607C0-6DAA-4FFF-80DE-94926C979142}
	EndGlobalSection
EndGlobal
