
Microsoft Visual Studio Solution File, Format Version 12.00
# Visual Studio Version 16
VisualStudioVersion = 16.0.30128.74
MinimumVisualStudioVersion = 10.0.40219.1
Project("{FAE04EC0-301F-11D3-BF4B-00C04F79EFBC}") = "lesson01ex1_profile", "lesson01ex1\lesson01ex1_profile.csproj", "{9091D560-336B-44D0-BD5D-C71C83617935}"
EndProject
Project("{FAE04EC0-301F-11D3-BF4B-00C04F79EFBC}") = "lesson01ex2_bmi", "lesson01ex2_bmi\lesson01ex2_bmi.csproj", "{B7477005-499C-4004-A6E0-946CEC9CE7E5}"
EndProject
Project("{FAE04EC0-301F-11D3-BF4B-00C04F79EFBC}") = "lesson01ex3_dist", "lesson01ex03\lesson01ex3_dist.csproj", "{17BBC46B-B92F-44AA-972B-80BC33D89B0F}"
EndProject
Project("{FAE04EC0-301F-11D3-BF4B-00C04F79EFBC}") = "lesson01ex4_swap", "lesson01ex4_swap\lesson01ex4_swap.csproj", "{637802F4-DD34-4964-B781-FC14001CC4AF}"
EndProject
Project("{FAE04EC0-301F-11D3-BF4B-00C04F79EFBC}") = "lesson01ex5", "lesson01ex5\lesson01ex5.csproj", "{8CFAA03F-550E-45C5-B6C8-C0F3549F1E9D}"
EndProject
Global
	GlobalSection(SolutionConfigurationPlatforms) = preSolution
		Debug|Any CPU = Debug|Any CPU
		Release|Any CPU = Release|Any CPU
	EndGlobalSection
	GlobalSection(ProjectConfigurationPlatforms) = postSolution
		{9091D560-336B-44D0-BD5D-C71C83617935}.Debug|Any CPU.ActiveCfg = Debug|Any CPU
		{9091D560-336B-44D0-BD5D-C71C83617935}.Debug|Any CPU.Build.0 = Debug|Any CPU
		{9091D560-336B-44D0-BD5D-C71C83617935}.Release|Any CPU.ActiveCfg = Release|Any CPU
		{9091D560-336B-44D0-BD5D-C71C83617935}.Release|Any CPU.Build.0 = Release|Any CPU
		{B7477005-499C-4004-A6E0-946CEC9CE7E5}.Debug|Any CPU.ActiveCfg = Debug|Any CPU
		{B7477005-499C-4004-A6E0-946CEC9CE7E5}.Debug|Any CPU.Build.0 = Debug|Any CPU
		{B7477005-499C-4004-A6E0-946CEC9CE7E5}.Release|Any CPU.ActiveCfg = Release|Any CPU
		{B7477005-499C-4004-A6E0-946CEC9CE7E5}.Release|Any CPU.Build.0 = Release|Any CPU
		{17BBC46B-B92F-44AA-972B-80BC33D89B0F}.Debug|Any CPU.ActiveCfg = Debug|Any CPU
		{17BBC46B-B92F-44AA-972B-80BC33D89B0F}.Debug|Any CPU.Build.0 = Debug|Any CPU
		{17BBC46B-B92F-44AA-972B-80BC33D89B0F}.Release|Any CPU.ActiveCfg = Release|Any CPU
		{17BBC46B-B92F-44AA-972B-80BC33D89B0F}.Release|Any CPU.Build.0 = Release|Any CPU
		{637802F4-DD34-4964-B781-FC14001CC4AF}.Debug|Any CPU.ActiveCfg = Debug|Any CPU
		{637802F4-DD34-4964-B781-FC14001CC4AF}.Debug|Any CPU.Build.0 = Debug|Any CPU
		{637802F4-DD34-4964-B781-FC14001CC4AF}.Release|Any CPU.ActiveCfg = Release|Any CPU
		{637802F4-DD34-4964-B781-FC14001CC4AF}.Release|Any CPU.Build.0 = Release|Any CPU
		{8CFAA03F-550E-45C5-B6C8-C0F3549F1E9D}.Debug|Any CPU.ActiveCfg = Debug|Any CPU
		{8CFAA03F-550E-45C5-B6C8-C0F3549F1E9D}.Debug|Any CPU.Build.0 = Debug|Any CPU
		{8CFAA03F-550E-45C5-B6C8-C0F3549F1E9D}.Release|Any CPU.ActiveCfg = Release|Any CPU
		{8CFAA03F-550E-45C5-B6C8-C0F3549F1E9D}.Release|Any CPU.Build.0 = Release|Any CPU
	EndGlobalSection
	GlobalSection(SolutionProperties) = preSolution
		HideSolutionNode = FALSE
	EndGlobalSection
	GlobalSection(ExtensibilityGlobals) = postSolution
		SolutionGuid = {47F6517B-DCAD-4A91-9FE1-472D87CDBEEE}
	EndGlobalSection
EndGlobal
