
Microsoft Visual Studio Solution File, Format Version 12.00
# Visual Studio Version 16
VisualStudioVersion = 16.0.30309.148
MinimumVisualStudioVersion = 10.0.40219.1
Project("{FAE04EC0-301F-11D3-BF4B-00C04F79EFBC}") = "Task01", "Task01\Task01.csproj", "{6C187910-AA61-43E1-889D-18FE6BBB774D}"
EndProject
Project("{FAE04EC0-301F-11D3-BF4B-00C04F79EFBC}") = "Task02", "Task02\Task02.csproj", "{3589EB8C-804D-4A45-A05D-BA9EC1DA6F27}"
EndProject
Project("{FAE04EC0-301F-11D3-BF4B-00C04F79EFBC}") = "Task03", "Task03\Task03.csproj", "{917615A5-CD36-4929-A0AD-DB8C01224737}"
EndProject
Global
	GlobalSection(SolutionConfigurationPlatforms) = preSolution
		Debug|Any CPU = Debug|Any CPU
		Release|Any CPU = Release|Any CPU
	EndGlobalSection
	GlobalSection(ProjectConfigurationPlatforms) = postSolution
		{6C187910-AA61-43E1-889D-18FE6BBB774D}.Debug|Any CPU.ActiveCfg = Debug|Any CPU
		{6C187910-AA61-43E1-889D-18FE6BBB774D}.Debug|Any CPU.Build.0 = Debug|Any CPU
		{6C187910-AA61-43E1-889D-18FE6BBB774D}.Release|Any CPU.ActiveCfg = Release|Any CPU
		{6C187910-AA61-43E1-889D-18FE6BBB774D}.Release|Any CPU.Build.0 = Release|Any CPU
		{3589EB8C-804D-4A45-A05D-BA9EC1DA6F27}.Debug|Any CPU.ActiveCfg = Debug|Any CPU
		{3589EB8C-804D-4A45-A05D-BA9EC1DA6F27}.Debug|Any CPU.Build.0 = Debug|Any CPU
		{3589EB8C-804D-4A45-A05D-BA9EC1DA6F27}.Release|Any CPU.ActiveCfg = Release|Any CPU
		{3589EB8C-804D-4A45-A05D-BA9EC1DA6F27}.Release|Any CPU.Build.0 = Release|Any CPU
		{917615A5-CD36-4929-A0AD-DB8C01224737}.Debug|Any CPU.ActiveCfg = Debug|Any CPU
		{917615A5-CD36-4929-A0AD-DB8C01224737}.Debug|Any CPU.Build.0 = Debug|Any CPU
		{917615A5-CD36-4929-A0AD-DB8C01224737}.Release|Any CPU.ActiveCfg = Release|Any CPU
		{917615A5-CD36-4929-A0AD-DB8C01224737}.Release|Any CPU.Build.0 = Release|Any CPU
	EndGlobalSection
	GlobalSection(SolutionProperties) = preSolution
		HideSolutionNode = FALSE
	EndGlobalSection
	GlobalSection(ExtensibilityGlobals) = postSolution
		SolutionGuid = {9A7B1CE6-E2EE-4207-B6CE-D654587C5B14}
	EndGlobalSection
EndGlobal
